
Microsoft Visual Studio Solution File, Format Version 12.00
# Visual Studio 2012
Project("{8BC9CEB8-8B4A-11D0-8D11-00A0C91BC942}") = "TaskAlphaBank", "TaskAlphaBank\TaskAlphaBank.vcxproj", "{4BBD82A7-4108-439A-9198-7DE31E9B3574}"
EndProject
Project("{8BC9CEB8-8B4A-11D0-8D11-00A0C91BC942}") = "UnitTestTaskAlphaBank", "UnitTestTaskAlphaBank\UnitTestTaskAlphaBank.vcxproj", "{9757CB21-B840-49A6-B057-9F322E543DD6}"
EndProject
Global
	GlobalSection(SolutionConfigurationPlatforms) = preSolution
		Debug|Win32 = Debug|Win32
		Release|Win32 = Release|Win32
	EndGlobalSection
	GlobalSection(ProjectConfigurationPlatforms) = postSolution
		{4BBD82A7-4108-439A-9198-7DE31E9B3574}.Debug|Win32.ActiveCfg = Debug|Win32
		{4BBD82A7-4108-439A-9198-7DE31E9B3574}.Debug|Win32.Build.0 = Debug|Win32
		{4BBD82A7-4108-439A-9198-7DE31E9B3574}.Release|Win32.ActiveCfg = Release|Win32
		{4BBD82A7-4108-439A-9198-7DE31E9B3574}.Release|Win32.Build.0 = Release|Win32
		{9757CB21-B840-49A6-B057-9F322E543DD6}.Debug|Win32.ActiveCfg = Debug|Win32
		{9757CB21-B840-49A6-B057-9F322E543DD6}.Debug|Win32.Build.0 = Debug|Win32
		{9757CB21-B840-49A6-B057-9F322E543DD6}.Release|Win32.ActiveCfg = Release|Win32
		{9757CB21-B840-49A6-B057-9F322E543DD6}.Release|Win32.Build.0 = Release|Win32
	EndGlobalSection
	GlobalSection(SolutionProperties) = preSolution
		HideSolutionNode = FALSE
	EndGlobalSection
EndGlobal
